
Microsoft Visual Studio Solution File, Format Version 12.00
# Visual Studio Version 16
VisualStudioVersion = 16.0.31424.327
MinimumVisualStudioVersion = 10.0.40219.1
Project("{9A19103F-16F7-4668-BE54-9A1E7A4F7556}") = "Fitness Tracker App", "Fitness Tracker App\Fitness Tracker App.csproj", "{064B6071-FEC3-46B6-AAC2-A476567C3D3C}"
EndProject
Project("{9A19103F-16F7-4668-BE54-9A1E7A4F7556}") = "FitnessWebApp", "FitnessWebApp\FitnessWebApp.csproj", "{CACE8713-0F55-4546-A88A-15B817144B73}"
EndProject
Global
	GlobalSection(SolutionConfigurationPlatforms) = preSolution
		Debug|Any CPU = Debug|Any CPU
		Release|Any CPU = Release|Any CPU
	EndGlobalSection
	GlobalSection(ProjectConfigurationPlatforms) = postSolution
		{064B6071-FEC3-46B6-AAC2-A476567C3D3C}.Debug|Any CPU.ActiveCfg = Debug|Any CPU
		{064B6071-FEC3-46B6-AAC2-A476567C3D3C}.Debug|Any CPU.Build.0 = Debug|Any CPU
		{064B6071-FEC3-46B6-AAC2-A476567C3D3C}.Release|Any CPU.ActiveCfg = Release|Any CPU
		{064B6071-FEC3-46B6-AAC2-A476567C3D3C}.Release|Any CPU.Build.0 = Release|Any CPU
		{CACE8713-0F55-4546-A88A-15B817144B73}.Debug|Any CPU.ActiveCfg = Debug|Any CPU
		{CACE8713-0F55-4546-A88A-15B817144B73}.Debug|Any CPU.Build.0 = Debug|Any CPU
		{CACE8713-0F55-4546-A88A-15B817144B73}.Release|Any CPU.ActiveCfg = Release|Any CPU
		{CACE8713-0F55-4546-A88A-15B817144B73}.Release|Any CPU.Build.0 = Release|Any CPU
	EndGlobalSection
	GlobalSection(SolutionProperties) = preSolution
		HideSolutionNode = FALSE
	EndGlobalSection
	GlobalSection(ExtensibilityGlobals) = postSolution
		SolutionGuid = {D2C6CECC-4510-4F18-908C-B6CA05E78FDE}
	EndGlobalSection
EndGlobal
